
Microsoft Visual Studio Solution File, Format Version 12.00
# Visual Studio Version 17
VisualStudioVersion = 17.6.33723.286
MinimumVisualStudioVersion = 10.0.40219.1
Project("{9A19103F-16F7-4668-BE54-9A1E7A4F7556}") = "ConsoleApp.OutputDemo", "ConsoleApp.OutputDemo\ConsoleApp.OutputDemo.csproj", "{116185A3-B61A-4D4C-90E5-C63E9DC7EF66}"
EndProject
Project("{9A19103F-16F7-4668-BE54-9A1E7A4F7556}") = "ConsoleAppVariablesDemo", "ConsoleAppVariablesDemo\ConsoleAppVariablesDemo.csproj", "{91031815-9AB1-4555-9FA2-C2E6C412CF90}"
EndProject
Project("{9A19103F-16F7-4668-BE54-9A1E7A4F7556}") = "ConsoleApp.UserInputDemo", "ConsoleApp.UserInputDemo\ConsoleApp.UserInputDemo.csproj", "{B2FCCDAC-F5F1-4800-84FC-DCC381E580A3}"
EndProject
Project("{9A19103F-16F7-4668-BE54-9A1E7A4F7556}") = "ConsoleApp.Operators", "ConsoleApp.Operators\ConsoleApp.Operators.csproj", "{E6DA5CC4-911B-4D95-AEAC-90ED47901750}"
EndProject
Project("{9A19103F-16F7-4668-BE54-9A1E7A4F7556}") = "ConsoleApp.ConditionsAndDecisions", "ConsoleApp.ConditionsAndDecisions\ConsoleApp.ConditionsAndDecisions.csproj", "{6FA90AF1-FFC7-47F2-A74A-FB915C6BDA67}"
EndProject
Project("{9A19103F-16F7-4668-BE54-9A1E7A4F7556}") = "ConsoleApp.SampleCalculator", "ConsoleApp.SampleCalculator\ConsoleApp.SampleCalculator.csproj", "{23855AB2-DA06-43D7-93C7-BB740D0828DB}"
EndProject
Project("{9A19103F-16F7-4668-BE54-9A1E7A4F7556}") = "ConsoleApp.Loops", "ConsoleApp.Loops\ConsoleApp.Loops.csproj", "{06D5E8AE-4988-4123-A8D3-34DDB74E1357}"
EndProject
Project("{9A19103F-16F7-4668-BE54-9A1E7A4F7556}") = "ConsoleApp.ExceptionHandlingDemo", "ConsoleApp.ExceptionHandlingDemo\ConsoleApp.ExceptionHandlingDemo.csproj", "{E2074885-2F10-4D12-8B79-30AA8DB05C71}"
EndProject
Project("{9A19103F-16F7-4668-BE54-9A1E7A4F7556}") = "ConsoleApp.StringManipulation", "ConsoleApp.StringManipulation\ConsoleApp.StringManipulation.csproj", "{C9A3036F-A31C-45EE-86BB-2FAB0F3F5C32}"
EndProject
Project("{FAE04EC0-301F-11D3-BF4B-00C04F79EFBC}") = "ConsoleApp.DateTimeManipulation", "ConsoleApp.DateTimeManipulation\ConsoleApp.DateTimeManipulation.csproj", "{22FA89A4-CE01-486B-B351-4E74D7722E61}"
EndProject
Project("{FAE04EC0-301F-11D3-BF4B-00C04F79EFBC}") = "ConsoleApp.Methods", "ConsoleApp.Methods\ConsoleApp.Methods.csproj", "{34CEF186-D179-4BF1-8988-70ACA3D00DEF}"
EndProject
Global
	GlobalSection(SolutionConfigurationPlatforms) = preSolution
		Debug|Any CPU = Debug|Any CPU
		Release|Any CPU = Release|Any CPU
	EndGlobalSection
	GlobalSection(ProjectConfigurationPlatforms) = postSolution
		{116185A3-B61A-4D4C-90E5-C63E9DC7EF66}.Debug|Any CPU.ActiveCfg = Debug|Any CPU
		{116185A3-B61A-4D4C-90E5-C63E9DC7EF66}.Debug|Any CPU.Build.0 = Debug|Any CPU
		{116185A3-B61A-4D4C-90E5-C63E9DC7EF66}.Release|Any CPU.ActiveCfg = Release|Any CPU
		{116185A3-B61A-4D4C-90E5-C63E9DC7EF66}.Release|Any CPU.Build.0 = Release|Any CPU
		{91031815-9AB1-4555-9FA2-C2E6C412CF90}.Debug|Any CPU.ActiveCfg = Debug|Any CPU
		{91031815-9AB1-4555-9FA2-C2E6C412CF90}.Debug|Any CPU.Build.0 = Debug|Any CPU
		{91031815-9AB1-4555-9FA2-C2E6C412CF90}.Release|Any CPU.ActiveCfg = Release|Any CPU
		{91031815-9AB1-4555-9FA2-C2E6C412CF90}.Release|Any CPU.Build.0 = Release|Any CPU
		{B2FCCDAC-F5F1-4800-84FC-DCC381E580A3}.Debug|Any CPU.ActiveCfg = Debug|Any CPU
		{B2FCCDAC-F5F1-4800-84FC-DCC381E580A3}.Debug|Any CPU.Build.0 = Debug|Any CPU
		{B2FCCDAC-F5F1-4800-84FC-DCC381E580A3}.Release|Any CPU.ActiveCfg = Release|Any CPU
		{B2FCCDAC-F5F1-4800-84FC-DCC381E580A3}.Release|Any CPU.Build.0 = Release|Any CPU
		{E6DA5CC4-911B-4D95-AEAC-90ED47901750}.Debug|Any CPU.ActiveCfg = Debug|Any CPU
		{E6DA5CC4-911B-4D95-AEAC-90ED47901750}.Debug|Any CPU.Build.0 = Debug|Any CPU
		{E6DA5CC4-911B-4D95-AEAC-90ED47901750}.Release|Any CPU.ActiveCfg = Release|Any CPU
		{E6DA5CC4-911B-4D95-AEAC-90ED47901750}.Release|Any CPU.Build.0 = Release|Any CPU
		{6FA90AF1-FFC7-47F2-A74A-FB915C6BDA67}.Debug|Any CPU.ActiveCfg = Debug|Any CPU
		{6FA90AF1-FFC7-47F2-A74A-FB915C6BDA67}.Debug|Any CPU.Build.0 = Debug|Any CPU
		{6FA90AF1-FFC7-47F2-A74A-FB915C6BDA67}.Release|Any CPU.ActiveCfg = Release|Any CPU
		{6FA90AF1-FFC7-47F2-A74A-FB915C6BDA67}.Release|Any CPU.Build.0 = Release|Any CPU
		{23855AB2-DA06-43D7-93C7-BB740D0828DB}.Debug|Any CPU.ActiveCfg = Debug|Any CPU
		{23855AB2-DA06-43D7-93C7-BB740D0828DB}.Debug|Any CPU.Build.0 = Debug|Any CPU
		{23855AB2-DA06-43D7-93C7-BB740D0828DB}.Release|Any CPU.ActiveCfg = Release|Any CPU
		{23855AB2-DA06-43D7-93C7-BB740D0828DB}.Release|Any CPU.Build.0 = Release|Any CPU
		{06D5E8AE-4988-4123-A8D3-34DDB74E1357}.Debug|Any CPU.ActiveCfg = Debug|Any CPU
		{06D5E8AE-4988-4123-A8D3-34DDB74E1357}.Debug|Any CPU.Build.0 = Debug|Any CPU
		{06D5E8AE-4988-4123-A8D3-34DDB74E1357}.Release|Any CPU.ActiveCfg = Release|Any CPU
		{06D5E8AE-4988-4123-A8D3-34DDB74E1357}.Release|Any CPU.Build.0 = Release|Any CPU
		{E2074885-2F10-4D12-8B79-30AA8DB05C71}.Debug|Any CPU.ActiveCfg = Debug|Any CPU
		{E2074885-2F10-4D12-8B79-30AA8DB05C71}.Debug|Any CPU.Build.0 = Debug|Any CPU
		{E2074885-2F10-4D12-8B79-30AA8DB05C71}.Release|Any CPU.ActiveCfg = Release|Any CPU
		{E2074885-2F10-4D12-8B79-30AA8DB05C71}.Release|Any CPU.Build.0 = Release|Any CPU
		{C9A3036F-A31C-45EE-86BB-2FAB0F3F5C32}.Debug|Any CPU.ActiveCfg = Debug|Any CPU
		{C9A3036F-A31C-45EE-86BB-2FAB0F3F5C32}.Debug|Any CPU.Build.0 = Debug|Any CPU
		{C9A3036F-A31C-45EE-86BB-2FAB0F3F5C32}.Release|Any CPU.ActiveCfg = Release|Any CPU
		{C9A3036F-A31C-45EE-86BB-2FAB0F3F5C32}.Release|Any CPU.Build.0 = Release|Any CPU
		{22FA89A4-CE01-486B-B351-4E74D7722E61}.Debug|Any CPU.ActiveCfg = Debug|Any CPU
		{22FA89A4-CE01-486B-B351-4E74D7722E61}.Debug|Any CPU.Build.0 = Debug|Any CPU
		{22FA89A4-CE01-486B-B351-4E74D7722E61}.Release|Any CPU.ActiveCfg = Release|Any CPU
		{22FA89A4-CE01-486B-B351-4E74D7722E61}.Release|Any CPU.Build.0 = Release|Any CPU
		{34CEF186-D179-4BF1-8988-70ACA3D00DEF}.Debug|Any CPU.ActiveCfg = Debug|Any CPU
		{34CEF186-D179-4BF1-8988-70ACA3D00DEF}.Debug|Any CPU.Build.0 = Debug|Any CPU
		{34CEF186-D179-4BF1-8988-70ACA3D00DEF}.Release|Any CPU.ActiveCfg = Release|Any CPU
		{34CEF186-D179-4BF1-8988-70ACA3D00DEF}.Release|Any CPU.Build.0 = Release|Any CPU
	EndGlobalSection
	GlobalSection(SolutionProperties) = preSolution
		HideSolutionNode = FALSE
	EndGlobalSection
	GlobalSection(ExtensibilityGlobals) = postSolution
		SolutionGuid = {696E4A43-5EA5-4E29-BAA5-E20062838111}
	EndGlobalSection
EndGlobal
